
Microsoft Visual Studio Solution File, Format Version 12.00
# Visual Studio Version 16
VisualStudioVersion = 16.0.31129.286
MinimumVisualStudioVersion = 10.0.40219.1
Project("{9A19103F-16F7-4668-BE54-9A1E7A4F7556}") = "YummyNummies", "YummyNummies\YummyNummies.csproj", "{BAB305C6-6F69-498B-904E-8E8316BCAB1A}"
EndProject
Project("{FAE04EC0-301F-11D3-BF4B-00C04F79EFBC}") = "YummyNummiesTests", "YummyNummiesTests\YummyNummiesTests.csproj", "{070A6593-08ED-4E11-9214-6D63DFDEC125}"
EndProject
Global
	GlobalSection(SolutionConfigurationPlatforms) = preSolution
		Debug|Any CPU = Debug|Any CPU
		Release|Any CPU = Release|Any CPU
	EndGlobalSection
	GlobalSection(ProjectConfigurationPlatforms) = postSolution
		{BAB305C6-6F69-498B-904E-8E8316BCAB1A}.Debug|Any CPU.ActiveCfg = Debug|Any CPU
		{BAB305C6-6F69-498B-904E-8E8316BCAB1A}.Debug|Any CPU.Build.0 = Debug|Any CPU
		{BAB305C6-6F69-498B-904E-8E8316BCAB1A}.Release|Any CPU.ActiveCfg = Release|Any CPU
		{BAB305C6-6F69-498B-904E-8E8316BCAB1A}.Release|Any CPU.Build.0 = Release|Any CPU
		{070A6593-08ED-4E11-9214-6D63DFDEC125}.Debug|Any CPU.ActiveCfg = Debug|Any CPU
		{070A6593-08ED-4E11-9214-6D63DFDEC125}.Debug|Any CPU.Build.0 = Debug|Any CPU
		{070A6593-08ED-4E11-9214-6D63DFDEC125}.Release|Any CPU.ActiveCfg = Release|Any CPU
		{070A6593-08ED-4E11-9214-6D63DFDEC125}.Release|Any CPU.Build.0 = Release|Any CPU
	EndGlobalSection
	GlobalSection(SolutionProperties) = preSolution
		HideSolutionNode = FALSE
	EndGlobalSection
	GlobalSection(ExtensibilityGlobals) = postSolution
		SolutionGuid = {A44B6C2D-5066-414A-B65B-2D7066E515BC}
	EndGlobalSection
EndGlobal
